{
  "name": "tree8",
  "version": "0.0.1",
  "lockfileVersion": 2,
  "requires": true,
  "packages": {
    "": {
      "name": "tree8",
      "version": "0.0.1",
      "license": "ISC",
      "dependencies": {
        "@types/estree": "^1.0.5",
        "acorn": "^8.11.3",
        "acorn-walk": "^8.3.2",
        "bun": "^1.1.8",
        "esprima-next": "^6.0.3"
      },
      "devDependencies": {
        "@types/esprima": "^4.0.6",
        "@types/node": "^20.12.11",
        "typescript": "^5.4.5",
        "yaml": "^2.4.5"
      }
    },
    "node_modules/@oven/bun-darwin-aarch64": {
      "version": "1.1.8",
      "resolved": "https://registry.npmjs.org/@oven/bun-darwin-aarch64/-/bun-darwin-aarch64-1.1.8.tgz",
      "integrity": "sha512-M9qPzCYbSsQOsPNhyr8h8hIyZ1T7fgeg8QJPIIXppWHzL6nqqOn+12ombFuDy0EdetVjrUSDmSPO8cR8j3Kv0Q==",
      "cpu": [
        "arm64"
      ],
      "optional": true,
      "os": [
        "darwin"
      ]
    },
    "node_modules/@oven/bun-darwin-x64": {
      "version": "1.1.8",
      "resolved": "https://registry.npmjs.org/@oven/bun-darwin-x64/-/bun-darwin-x64-1.1.8.tgz",
      "integrity": "sha512-al0V8PlWWFRprptwAQTdhMYacc0K1RyaoW+FvLtwZis1Lzl8o+NDHnxOhRzfzafttYIjssPOEz9zGTYuACBn8w==",
      "cpu": [
        "x64"
      ],
      "optional": true,
      "os": [
        "darwin"
      ]
    },
    "node_modules/@oven/bun-darwin-x64-baseline": {
      "version": "1.1.8",
      "resolved": "https://registry.npmjs.org/@oven/bun-darwin-x64-baseline/-/bun-darwin-x64-baseline-1.1.8.tgz",
      "integrity": "sha512-YV7pETCt3k5Xc4soR3kFx3AxbPco3w/17JhDHTDajkw033aSqCMWLvd2fHLUA0xPn46ktOMhe/aESULymvvo5w==",
      "cpu": [
        "x64"
      ],
      "optional": true,
      "os": [
        "darwin"
      ]
    },
    "node_modules/@oven/bun-linux-aarch64": {
      "version": "1.1.8",
      "resolved": "https://registry.npmjs.org/@oven/bun-linux-aarch64/-/bun-linux-aarch64-1.1.8.tgz",
      "integrity": "sha512-C/QL5vgmBXWm0JsHWEKXlwG/gSB+MiOdvgfbnADRDaGPgZMGRK7uXFj/TLtw9CBRXugfty/lLkzY+18fQ8LVfw==",
      "cpu": [
        "arm64"
      ],
      "optional": true,
      "os": [
        "linux"
      ]
    },
    "node_modules/@oven/bun-linux-x64": {
      "version": "1.1.8",
      "resolved": "https://registry.npmjs.org/@oven/bun-linux-x64/-/bun-linux-x64-1.1.8.tgz",
      "integrity": "sha512-Z6Lyd8oH8EjER4rpC3L+B7G4ub7DW6IjPqmaov445jByOK/KZktzlNEJgdrcrPVocAA/xZ+eYtzeyQ/z4ITdhg==",
      "cpu": [
        "x64"
      ],
      "optional": true,
      "os": [
        "linux"
      ]
    },
    "node_modules/@oven/bun-linux-x64-baseline": {
      "version": "1.1.8",
      "resolved": "https://registry.npmjs.org/@oven/bun-linux-x64-baseline/-/bun-linux-x64-baseline-1.1.8.tgz",
      "integrity": "sha512-RlWLFVvSbHkpNyorzeapfYUKuZYfhBgQV5N7EwiG8Kul8BPiRKAW+uOK6BuwJyA0vduF7Z4/cBeIO4XygXb5QQ==",
      "cpu": [
        "x64"
      ],
      "optional": true,
      "os": [
        "linux"
      ]
    },
    "node_modules/@oven/bun-windows-x64": {
      "version": "1.1.8",
      "resolved": "https://registry.npmjs.org/@oven/bun-windows-x64/-/bun-windows-x64-1.1.8.tgz",
      "integrity": "sha512-svZHc2sGLqJrzXiD/6XaJNvJ0PE+WpdZv/pRkn9tXgA2j0gOawN3oAiHXUOWoYS5kQQ7GiksEJlYVPA4JyJY0A==",
      "cpu": [
        "x64"
      ],
      "optional": true,
      "os": [
        "win32"
      ]
    },
    "node_modules/@oven/bun-windows-x64-baseline": {
      "version": "1.1.8",
      "resolved": "https://registry.npmjs.org/@oven/bun-windows-x64-baseline/-/bun-windows-x64-baseline-1.1.8.tgz",
      "integrity": "sha512-RXoCcY5DnVaF5HAGZ8Hms8Izo6yTHgTZsy/rqmaZLjfntOf4Gn8vw3YVE4Pa0AqW6oQYTSmSlgxM47kVWOv3+w==",
      "cpu": [
        "x64"
      ],
      "optional": true,
      "os": [
        "win32"
      ]
    },
    "node_modules/@types/esprima": {
      "version": "4.0.6",
      "resolved": "https://registry.npmjs.org/@types/esprima/-/esprima-4.0.6.tgz",
      "integrity": "sha512-lIk+kSt9lGv5hxK6aZNjiUEGZqKmOTpmg0tKiJQI+Ow98fLillxsiZNik5+RcP7mXL929KiTH/D9jGtpDlMbVw==",
      "dev": true,
      "dependencies": {
        "@types/estree": "*"
      }
    },
    "node_modules/@types/estree": {
      "version": "1.0.5",
      "resolved": "https://registry.npmjs.org/@types/estree/-/estree-1.0.5.tgz",
      "integrity": "sha512-/kYRxGDLWzHOB7q+wtSUQlFrtcdUccpfy+X+9iMBpHK8QLLhx2wIPYuS5DYtR9Wa/YlZAbIovy7qVdB1Aq6Lyw=="
    },
    "node_modules/@types/node": {
      "version": "20.12.11",
      "resolved": "https://registry.npmjs.org/@types/node/-/node-20.12.11.tgz",
      "integrity": "sha512-vDg9PZ/zi+Nqp6boSOT7plNuthRugEKixDv5sFTIpkE89MmNtEArAShI4mxuX2+UrLEe9pxC1vm2cjm9YlWbJw==",
      "dev": true,
      "dependencies": {
        "undici-types": "~5.26.4"
      }
    },
    "node_modules/acorn": {
      "version": "8.11.3",
      "resolved": "https://registry.npmjs.org/acorn/-/acorn-8.11.3.tgz",
      "integrity": "sha512-Y9rRfJG5jcKOE0CLisYbojUjIrIEE7AGMzA/Sm4BslANhbS+cDMpgBdcPT91oJ7OuJ9hYJBx59RjbhxVnrF8Xg==",
      "bin": {
        "acorn": "bin/acorn"
      },
      "engines": {
        "node": ">=0.4.0"
      }
    },
    "node_modules/acorn-walk": {
      "version": "8.3.2",
      "resolved": "https://registry.npmjs.org/acorn-walk/-/acorn-walk-8.3.2.tgz",
      "integrity": "sha512-cjkyv4OtNCIeqhHrfS81QWXoCBPExR/J62oyEqepVw8WaQeSqpW2uhuLPh1m9eWhDuOo/jUXVTlifvesOWp/4A==",
      "engines": {
        "node": ">=0.4.0"
      }
    },
    "node_modules/bun": {
      "version": "1.1.8",
      "resolved": "https://registry.npmjs.org/bun/-/bun-1.1.8.tgz",
      "integrity": "sha512-TSL3POeJspEvIsfVqQZ/Sbl81kkzuUYCdE5fPdaDw0V6uU1j9d6JzfjYwNyDRnaacAAPnz3ZJukwGz3d6qJNzw==",
      "cpu": [
        "arm64",
        "x64"
      ],
      "hasInstallScript": true,
      "os": [
        "darwin",
        "linux",
        "win32"
      ],
      "bin": {
        "bun": "bin/bun.exe",
        "bunx": "bin/bun.exe"
      },
      "optionalDependencies": {
        "@oven/bun-darwin-aarch64": "1.1.8",
        "@oven/bun-darwin-x64": "1.1.8",
        "@oven/bun-darwin-x64-baseline": "1.1.8",
        "@oven/bun-linux-aarch64": "1.1.8",
        "@oven/bun-linux-x64": "1.1.8",
        "@oven/bun-linux-x64-baseline": "1.1.8",
        "@oven/bun-windows-x64": "1.1.8",
        "@oven/bun-windows-x64-baseline": "1.1.8"
      }
    },
    "node_modules/esprima-next": {
      "version": "6.0.3",
      "resolved": "https://registry.npmjs.org/esprima-next/-/esprima-next-6.0.3.tgz",
      "integrity": "sha512-fVfE+9qIOJSbS3AR7roIuL0gCeS+tC86bJV9GlJtwXCRoo67q6tsGGUjThW+JtR5IQSShnHqaDqX8D0IYDfRGA==",
      "bin": {
        "esparse": "bin/esparse.js",
        "esvalidate": "bin/esvalidate.js"
      },
      "engines": {
        "node": ">=12"
      }
    },
    "node_modules/typescript": {
      "version": "5.4.5",
      "resolved": "https://registry.npmjs.org/typescript/-/typescript-5.4.5.tgz",
      "integrity": "sha512-vcI4UpRgg81oIRUFwR0WSIHKt11nJ7SAVlYNIu+QpqeyXP+gpQJy/Z4+F0aGxSE4MqwjyXvW/TzgkLAx2AGHwQ==",
      "dev": true,
      "bin": {
        "tsc": "bin/tsc",
        "tsserver": "bin/tsserver"
      },
      "engines": {
        "node": ">=14.17"
      }
    },
    "node_modules/undici-types": {
      "version": "5.26.5",
      "resolved": "https://registry.npmjs.org/undici-types/-/undici-types-5.26.5.tgz",
      "integrity": "sha512-JlCMO+ehdEIKqlFxk6IfVoAUVmgz7cU7zD/h9XZ0qzeosSHmUJVOzSQvvYSYWXkFXC+IfLKSIffhv0sVZup6pA==",
      "dev": true
    },
    "node_modules/yaml": {
      "version": "2.4.5",
      "resolved": "https://registry.npmjs.org/yaml/-/yaml-2.4.5.tgz",
      "integrity": "sha512-aBx2bnqDzVOyNKfsysjA2ms5ZlnjSAW2eG3/L5G/CSujfjLJTJsEw1bGw8kCf04KodQWk1pxlGnZ56CRxiawmg==",
      "dev": true,
      "bin": {
        "yaml": "bin.mjs"
      },
      "engines": {
        "node": ">= 14"
      }
    }
  },
  "dependencies": {
    "@oven/bun-darwin-aarch64": {
      "version": "1.1.8",
      "resolved": "https://registry.npmjs.org/@oven/bun-darwin-aarch64/-/bun-darwin-aarch64-1.1.8.tgz",
      "integrity": "sha512-M9qPzCYbSsQOsPNhyr8h8hIyZ1T7fgeg8QJPIIXppWHzL6nqqOn+12ombFuDy0EdetVjrUSDmSPO8cR8j3Kv0Q==",
      "optional": true
    },
    "@oven/bun-darwin-x64": {
      "version": "1.1.8",
      "resolved": "https://registry.npmjs.org/@oven/bun-darwin-x64/-/bun-darwin-x64-1.1.8.tgz",
      "integrity": "sha512-al0V8PlWWFRprptwAQTdhMYacc0K1RyaoW+FvLtwZis1Lzl8o+NDHnxOhRzfzafttYIjssPOEz9zGTYuACBn8w==",
      "optional": true
    },
    "@oven/bun-darwin-x64-baseline": {
      "version": "1.1.8",
      "resolved": "https://registry.npmjs.org/@oven/bun-darwin-x64-baseline/-/bun-darwin-x64-baseline-1.1.8.tgz",
      "integrity": "sha512-YV7pETCt3k5Xc4soR3kFx3AxbPco3w/17JhDHTDajkw033aSqCMWLvd2fHLUA0xPn46ktOMhe/aESULymvvo5w==",
      "optional": true
    },
    "@oven/bun-linux-aarch64": {
      "version": "1.1.8",
      "resolved": "https://registry.npmjs.org/@oven/bun-linux-aarch64/-/bun-linux-aarch64-1.1.8.tgz",
      "integrity": "sha512-C/QL5vgmBXWm0JsHWEKXlwG/gSB+MiOdvgfbnADRDaGPgZMGRK7uXFj/TLtw9CBRXugfty/lLkzY+18fQ8LVfw==",
      "optional": true
    },
    "@oven/bun-linux-x64": {
      "version": "1.1.8",
      "resolved": "https://registry.npmjs.org/@oven/bun-linux-x64/-/bun-linux-x64-1.1.8.tgz",
      "integrity": "sha512-Z6Lyd8oH8EjER4rpC3L+B7G4ub7DW6IjPqmaov445jByOK/KZktzlNEJgdrcrPVocAA/xZ+eYtzeyQ/z4ITdhg==",
      "optional": true
    },
    "@oven/bun-linux-x64-baseline": {
      "version": "1.1.8",
      "resolved": "https://registry.npmjs.org/@oven/bun-linux-x64-baseline/-/bun-linux-x64-baseline-1.1.8.tgz",
      "integrity": "sha512-RlWLFVvSbHkpNyorzeapfYUKuZYfhBgQV5N7EwiG8Kul8BPiRKAW+uOK6BuwJyA0vduF7Z4/cBeIO4XygXb5QQ==",
      "optional": true
    },
    "@oven/bun-windows-x64": {
      "version": "1.1.8",
      "resolved": "https://registry.npmjs.org/@oven/bun-windows-x64/-/bun-windows-x64-1.1.8.tgz",
      "integrity": "sha512-svZHc2sGLqJrzXiD/6XaJNvJ0PE+WpdZv/pRkn9tXgA2j0gOawN3oAiHXUOWoYS5kQQ7GiksEJlYVPA4JyJY0A==",
      "optional": true
    },
    "@oven/bun-windows-x64-baseline": {
      "version": "1.1.8",
      "resolved": "https://registry.npmjs.org/@oven/bun-windows-x64-baseline/-/bun-windows-x64-baseline-1.1.8.tgz",
      "integrity": "sha512-RXoCcY5DnVaF5HAGZ8Hms8Izo6yTHgTZsy/rqmaZLjfntOf4Gn8vw3YVE4Pa0AqW6oQYTSmSlgxM47kVWOv3+w==",
      "optional": true
    },
    "@types/esprima": {
      "version": "4.0.6",
      "resolved": "https://registry.npmjs.org/@types/esprima/-/esprima-4.0.6.tgz",
      "integrity": "sha512-lIk+kSt9lGv5hxK6aZNjiUEGZqKmOTpmg0tKiJQI+Ow98fLillxsiZNik5+RcP7mXL929KiTH/D9jGtpDlMbVw==",
      "dev": true,
      "requires": {
        "@types/estree": "*"
      }
    },
    "@types/estree": {
      "version": "1.0.5",
      "resolved": "https://registry.npmjs.org/@types/estree/-/estree-1.0.5.tgz",
      "integrity": "sha512-/kYRxGDLWzHOB7q+wtSUQlFrtcdUccpfy+X+9iMBpHK8QLLhx2wIPYuS5DYtR9Wa/YlZAbIovy7qVdB1Aq6Lyw=="
    },
    "@types/node": {
      "version": "20.12.11",
      "resolved": "https://registry.npmjs.org/@types/node/-/node-20.12.11.tgz",
      "integrity": "sha512-vDg9PZ/zi+Nqp6boSOT7plNuthRugEKixDv5sFTIpkE89MmNtEArAShI4mxuX2+UrLEe9pxC1vm2cjm9YlWbJw==",
      "dev": true,
      "requires": {
        "undici-types": "~5.26.4"
      }
    },
    "acorn": {
      "version": "8.11.3",
      "resolved": "https://registry.npmjs.org/acorn/-/acorn-8.11.3.tgz",
      "integrity": "sha512-Y9rRfJG5jcKOE0CLisYbojUjIrIEE7AGMzA/Sm4BslANhbS+cDMpgBdcPT91oJ7OuJ9hYJBx59RjbhxVnrF8Xg=="
    },
    "acorn-walk": {
      "version": "8.3.2",
      "resolved": "https://registry.npmjs.org/acorn-walk/-/acorn-walk-8.3.2.tgz",
      "integrity": "sha512-cjkyv4OtNCIeqhHrfS81QWXoCBPExR/J62oyEqepVw8WaQeSqpW2uhuLPh1m9eWhDuOo/jUXVTlifvesOWp/4A=="
    },
    "bun": {
      "version": "1.1.8",
      "resolved": "https://registry.npmjs.org/bun/-/bun-1.1.8.tgz",
      "integrity": "sha512-TSL3POeJspEvIsfVqQZ/Sbl81kkzuUYCdE5fPdaDw0V6uU1j9d6JzfjYwNyDRnaacAAPnz3ZJukwGz3d6qJNzw==",
      "requires": {
        "@oven/bun-darwin-aarch64": "1.1.8",
        "@oven/bun-darwin-x64": "1.1.8",
        "@oven/bun-darwin-x64-baseline": "1.1.8",
        "@oven/bun-linux-aarch64": "1.1.8",
        "@oven/bun-linux-x64": "1.1.8",
        "@oven/bun-linux-x64-baseline": "1.1.8",
        "@oven/bun-windows-x64": "1.1.8",
        "@oven/bun-windows-x64-baseline": "1.1.8"
      }
    },
    "esprima-next": {
      "version": "6.0.3",
      "resolved": "https://registry.npmjs.org/esprima-next/-/esprima-next-6.0.3.tgz",
      "integrity": "sha512-fVfE+9qIOJSbS3AR7roIuL0gCeS+tC86bJV9GlJtwXCRoo67q6tsGGUjThW+JtR5IQSShnHqaDqX8D0IYDfRGA=="
    },
    "typescript": {
      "version": "5.4.5",
      "resolved": "https://registry.npmjs.org/typescript/-/typescript-5.4.5.tgz",
      "integrity": "sha512-vcI4UpRgg81oIRUFwR0WSIHKt11nJ7SAVlYNIu+QpqeyXP+gpQJy/Z4+F0aGxSE4MqwjyXvW/TzgkLAx2AGHwQ==",
      "dev": true
    },
    "undici-types": {
      "version": "5.26.5",
      "resolved": "https://registry.npmjs.org/undici-types/-/undici-types-5.26.5.tgz",
      "integrity": "sha512-JlCMO+ehdEIKqlFxk6IfVoAUVmgz7cU7zD/h9XZ0qzeosSHmUJVOzSQvvYSYWXkFXC+IfLKSIffhv0sVZup6pA==",
      "dev": true
    },
    "yaml": {
      "version": "2.4.5",
      "resolved": "https://registry.npmjs.org/yaml/-/yaml-2.4.5.tgz",
      "integrity": "sha512-aBx2bnqDzVOyNKfsysjA2ms5ZlnjSAW2eG3/L5G/CSujfjLJTJsEw1bGw8kCf04KodQWk1pxlGnZ56CRxiawmg==",
      "dev": true
    }
  }
}
